// !$*UTF8*$!
{
	archiveVersion = 1;
	classes = {
	};
	objectVersion = 46;
	objects = {

/* Begin PBXBuildFile section */
		4306C1711BD1D521009F3DB4 /* main.m in Sources */ = {isa = PBXBuildFile; fileRef = 4306C1701BD1D521009F3DB4 /* main.m */; };
		4306C1741BD1D521009F3DB4 /* AppDelegate.m in Sources */ = {isa = PBXBuildFile; fileRef = 4306C1731BD1D521009F3DB4 /* AppDelegate.m */; };
		4306C1771BD1D521009F3DB4 /* ViewController.m in Sources */ = {isa = PBXBuildFile; fileRef = 4306C1761BD1D521009F3DB4 /* ViewController.m */; };
		4306C17A1BD1D521009F3DB4 /* Main.storyboard in Resources */ = {isa = PBXBuildFile; fileRef = 4306C1781BD1D521009F3DB4 /* Main.storyboard */; };
		4306C17C1BD1D521009F3DB4 /* Images.xcassets in Resources */ = {isa = PBXBuildFile; fileRef = 4306C17B1BD1D521009F3DB4 /* Images.xcassets */; };
		4306C17F1BD1D521009F3DB4 /* LaunchScreen.xib in Resources */ = {isa = PBXBuildFile; fileRef = 4306C17D1BD1D521009F3DB4 /* LaunchScreen.xib */; };
		4306C18B1BD1D521009F3DB4 /* TestDemoTests.m in Sources */ = {isa = PBXBuildFile; fileRef = 4306C18A1BD1D521009F3DB4 /* TestDemoTests.m */; };
/* End PBXBuildFile section */

/* Begin PBXContainerItemProxy section */
		4306C1851BD1D521009F3DB4 /* PBXContainerItemProxy */ = {
			isa = PBXContainerItemProxy;
			containerPortal = 4306C1631BD1D521009F3DB4 /* Project object */;
			proxyType = 1;
			remoteGlobalIDString = 4306C16A1BD1D521009F3DB4;
			remoteInfo = TestDemo;
		};
/* End PBXContainerItemProxy section */

/* Begin PBXFileReference section */
		4306C16B1BD1D521009F3DB4 /* TestDemo.app */ = {isa = PBXFileReference; explicitFileType = wrapper.application; includeInIndex = 0; path = TestDemo.app; sourceTree = BUILT_PRODUCTS_DIR; };
		4306C16F1BD1D521009F3DB4 /* Info.plist */ = {isa = PBXFileReference; lastKnownFileType = text.plist.xml; path = Info.plist; sourceTree = "<group>"; };
		4306C1701BD1D521009F3DB4 /* main.m */ = {isa = PBXFileReference; lastKnownFileType = sourcecode.c.objc; path = main.m; sourceTree = "<group>"; };
		4306C1721BD1D521009F3DB4 /* AppDelegate.h */ = {isa = PBXFileReference; lastKnownFileType = sourcecode.c.h; path = AppDelegate.h; sourceTree = "<group>"; };
		4306C1731BD1D521009F3DB4 /* AppDelegate.m */ = {isa = PBXFileReference; lastKnownFileType = sourcecode.c.objc; path = AppDelegate.m; sourceTree = "<group>"; };
		4306C1751BD1D521009F3DB4 /* ViewController.h */ = {isa = PBXFileReference; lastKnownFileType = sourcecode.c.h; path = ViewController.h; sourceTree = "<group>"; };
		4306C1761BD1D521009F3DB4 /* ViewController.m */ = {isa = PBXFileReference; lastKnownFileType = sourcecode.c.objc; path = ViewController.m; sourceTree = "<group>"; };
		4306C1791BD1D521009F3DB4 /* Base */ = {isa = PBXFileReference; lastKnownFileType = file.storyboard; name = Base; path = Base.lproj/Main.storyboard; sourceTree = "<group>"; };
		4306C17B1BD1D521009F3DB4 /* Images.xcassets */ = {isa = PBXFileReference; lastKnownFileType = folder.assetcatalog; path = Images.xcassets; sourceTree = "<group>"; };
		4306C17E1BD1D521009F3DB4 /* Base */ = {isa = PBXFileReference; lastKnownFileType = file.xib; name = Base; path = Base.lproj/LaunchScreen.xib; sourceTree = "<group>"; };
		4306C1841BD1D521009F3DB4 /* TestDemoTests.xctest */ = {isa = PBXFileReference; explicitFileType = wrapper.cfbundle; includeInIndex = 0; path = TestDemoTests.xctest; sourceTree = BUILT_PRODUCTS_DIR; };
		4306C1891BD1D521009F3DB4 /* Info.plist */ = {isa = PBXFileReference; lastKnownFileType = text.plist.xml; path = Info.plist; sourceTree = "<group>"; };
		4306C18A1BD1D521009F3DB4 /* TestDemoTests.m */ = {isa = PBXFileReference; lastKnownFileType = sourcecode.c.objc; path = TestDemoTests.m; sourceTree = "<group>"; };
/* End PBXFileReference section */

/* Begin PBXFrameworksBuildPhase section */
		4306C1681BD1D521009F3DB4 /* Frameworks */ = {
			isa = PBXFrameworksBuildPhase;
			buildActionMask = 2147483647;
			files = (
			);
			runOnlyForDeploymentPostprocessing = 0;
		};
		4306C1811BD1D521009F3DB4 /* Frameworks */ = {
			isa = PBXFrameworksBuildPhase;
			buildActionMask = 2147483647;
			files = (
			);
			runOnlyForDeploymentPostprocessing = 0;
		};
/* End PBXFrameworksBuildPhase section */

/* Begin PBXGroup section */
		4306C1621BD1D521009F3DB4 = {
			isa = PBXGroup;
			children = (
				4306C16D1BD1D521009F3DB4 /* TestDemo */,
				4306C1871BD1D521009F3DB4 /* TestDemoTests */,
				4306C16C1BD1D521009F3DB4 /* Products */,
			);
			sourceTree = "<group>";
		};
		4306C16C1BD1D521009F3DB4 /* Products */ = {
			isa = PBXGroup;
			children = (
				4306C16B1BD1D521009F3DB4 /* TestDemo.app */,
				4306C1841BD1D521009F3DB4 /* TestDemoTests.xctest */,
			);
			name = Products;
			sourceTree = "<group>";
		};
		4306C16D1BD1D521009F3DB4 /* TestDemo */ = {
			isa = PBXGroup;
			children = (
				4306C1721BD1D521009F3DB4 /* AppDelegate.h */,
				4306C1731BD1D521009F3DB4 /* AppDelegate.m */,
				4306C1751BD1D521009F3DB4 /* ViewController.h */,
				4306C1761BD1D521009F3DB4 /* ViewController.m */,
				4306C1781BD1D521009F3DB4 /* Main.storyboard */,
				4306C17B1BD1D521009F3DB4 /* Images.xcassets */,
				4306C17D1BD1D521009F3DB4 /* LaunchScreen.xib */,
				4306C16E1BD1D521009F3DB4 /* Supporting Files */,
			);
			path = TestDemo;
			sourceTree = "<group>";
		};
		4306C16E1BD1D521009F3DB4 /* Supporting Files */ = {
			isa = PBXGroup;
			children = (
				4306C16F1BD1D521009F3DB4 /* Info.plist */,
				4306C1701BD1D521009F3DB4 /* main.m */,
			);
			name = "Supporting Files";
			sourceTree = "<group>";
		};
		4306C1871BD1D521009F3DB4 /* TestDemoTests */ = {
			isa = PBXGroup;
			children = (
				4306C18A1BD1D521009F3DB4 /* TestDemoTests.m */,
				4306C1881BD1D521009F3DB4 /* Supporting Files */,
			);
			path = TestDemoTests;
			sourceTree = "<group>";
		};
		4306C1881BD1D521009F3DB4 /* Supporting Files */ = {
			isa = PBXGroup;
			children = (
				4306C1891BD1D521009F3DB4 /* Info.plist */,
			);
			name = "Supporting Files";
			sourceTree = "<group>";
		};
/* End PBXGroup section */

/* Begin PBXNativeTarget section */
		4306C16A1BD1D521009F3DB4 /* TestDemo */ = {
			isa = PBXNativeTarget;
			buildConfigurationList = 4306C18E1BD1D521009F3DB4 /* Build configuration list for PBXNativeTarget "TestDemo" */;
			buildPhases = (
				4306C1671BD1D521009F3DB4 /* Sources */,
				4306C1681BD1D521009F3DB4 /* Frameworks */,
				4306C1691BD1D521009F3DB4 /* Resources */,
			);
			buildRules = (
			);
			dependencies = (
			);
			name = TestDemo;
			productName = TestDemo;
			productReference = 4306C16B1BD1D521009F3DB4 /* TestDemo.app */;
			productType = "com.apple.product-type.application";
		};
		4306C1831BD1D521009F3DB4 /* TestDemoTests */ = {
			isa = PBXNativeTarget;
			buildConfigurationList = 4306C1911BD1D521009F3DB4 /* Build configuration list for PBXNativeTarget "TestDemoTests" */;
			buildPhases = (
				4306C1801BD1D521009F3DB4 /* Sources */,
				4306C1811BD1D521009F3DB4 /* Frameworks */,
				4306C1821BD1D521009F3DB4 /* Resources */,
			);
			buildRules = (
			);
			dependencies = (
				4306C1861BD1D521009F3DB4 /* PBXTargetDependency */,
			);
			name = TestDemoTests;
			productName = TestDemoTests;
			productReference = 4306C1841BD1D521009F3DB4 /* TestDemoTests.xctest */;
			productType = "com.apple.product-type.bundle.unit-test";
		};
/* End PBXNativeTarget section */

/* Begin PBXProject section */
		4306C1631BD1D521009F3DB4 /* Project object */ = {
			isa = PBXProject;
			attributes = {
				LastUpgradeCheck = 0640;
				ORGANIZATIONNAME = nate;
				TargetAttributes = {
					4306C16A1BD1D521009F3DB4 = {
						CreatedOnToolsVersion = 6.4;
					};
					4306C1831BD1D521009F3DB4 = {
						CreatedOnToolsVersion = 6.4;
						TestTargetID = 4306C16A1BD1D521009F3DB4;
					};
				};
			};
			buildConfigurationList = 4306C1661BD1D521009F3DB4 /* Build configuration list for PBXProject "TestDemo" */;
			compatibilityVersion = "Xcode 3.2";
			developmentRegion = English;
			hasScannedForEncodings = 0;
			knownRegions = (
				en,
				Base,
			);
			mainGroup = 4306C1621BD1D521009F3DB4;
			productRefGroup = 4306C16C1BD1D521009F3DB4 /* Products */;
			projectDirPath = "";
			projectRoot = "";
			targets = (
				4306C16A1BD1D521009F3DB4 /* TestDemo */,
				4306C1831BD1D521009F3DB4 /* TestDemoTests */,
			);
		};
/* End PBXProject section */

/* Begin PBXResourcesBuildPhase section */
		4306C1691BD1D521009F3DB4 /* Resources */ = {
			isa = PBXResourcesBuildPhase;
			buildActionMask = 2147483647;
			files = (
				4306C17A1BD1D521009F3DB4 /* Main.storyboard in Resources */,
				4306C17F1BD1D521009F3DB4 /* LaunchScreen.xib in Resources */,
				4306C17C1BD1D521009F3DB4 /* Images.xcassets in Resources */,
			);
			runOnlyForDeploymentPostprocessing = 0;
		};
		4306C1821BD1D521009F3DB4 /* Resources */ = {
			isa = PBXResourcesBuildPhase;
			buildActionMask = 2147483647;
			files = (
			);
			runOnlyForDeploymentPostprocessing = 0;
		};
/* End PBXResourcesBuildPhase section */

/* Begin PBXSourcesBuildPhase section */
		4306C1671BD1D521009F3DB4 /* Sources */ = {
			isa = PBXSourcesBuildPhase;
			buildActionMask = 2147483647;
			files = (
				4306C1771BD1D521009F3DB4 /* ViewController.m in Sources */,
				4306C1741BD1D521009F3DB4 /* AppDelegate.m in Sources */,
				4306C1711BD1D521009F3DB4 /* main.m in Sources */,
			);
			runOnlyForDeploymentPostprocessing = 0;
		};
		4306C1801BD1D521009F3DB4 /* Sources */ = {
			isa = PBXSourcesBuildPhase;
			buildActionMask = 2147483647;
			files = (
				4306C18B1BD1D521009F3DB4 /* TestDemoTests.m in Sources */,
			);
			runOnlyForDeploymentPostprocessing = 0;
		};
/* End PBXSourcesBuildPhase section */

/* Begin PBXTargetDependency section */
		4306C1861BD1D521009F3DB4 /* PBXTargetDependency */ = {
			isa = PBXTargetDependency;
			target = 4306C16A1BD1D521009F3DB4 /* TestDemo */;
			targetProxy = 4306C1851BD1D521009F3DB4 /* PBXContainerItemProxy */;
		};
/* End PBXTargetDependency section */

/* Begin PBXVariantGroup section */
		4306C1781BD1D521009F3DB4 /* Main.storyboard */ = {
			isa = PBXVariantGroup;
			children = (
				4306C1791BD1D521009F3DB4 /* Base */,
			);
			name = Main.storyboard;
			sourceTree = "<group>";
		};
		4306C17D1BD1D521009F3DB4 /* LaunchScreen.xib */ = {
			isa = PBXVariantGroup;
			children = (
				4306C17E1BD1D521009F3DB4 /* Base */,
			);
			name = LaunchScreen.xib;
			sourceTree = "<group>";
		};
/* End PBXVariantGroup section */

/* Begin XCBuildConfiguration section */
		4306C18C1BD1D521009F3DB4 /* Debug */ = {
			isa = XCBuildConfiguration;
			buildSettings = {
				ALWAYS_SEARCH_USER_PATHS = NO;
				CLANG_CXX_LANGUAGE_STANDARD = "gnu++0x";
				CLANG_CXX_LIBRARY = "libc++";
				CLANG_ENABLE_MODULES = YES;
				CLANG_ENABLE_OBJC_ARC = YES;
				CLANG_WARN_BOOL_CONVERSION = YES;
				CLANG_WARN_CONSTANT_CONVERSION = YES;
				CLANG_WARN_DIRECT_OBJC_ISA_USAGE = YES_ERROR;
				CLANG_WARN_EMPTY_BODY = YES;
				CLANG_WARN_ENUM_CONVERSION = YES;
				CLANG_WARN_INT_CONVERSION = YES;
				CLANG_WARN_OBJC_ROOT_CLASS = YES_ERROR;
				CLANG_WARN_UNREACHABLE_CODE = YES;
				CLANG_WARN__DUPLICATE_METHOD_MATCH = YES;
				"CODE_SIGN_IDENTITY[sdk=iphoneos*]" = "iPhone Developer";
				COPY_PHASE_STRIP = NO;
				DEBUG_INFORMATION_FORMAT = "dwarf-with-dsym";
				ENABLE_STRICT_OBJC_MSGSEND = YES;
				GCC_C_LANGUAGE_STANDARD = gnu99;
				GCC_DYNAMIC_NO_PIC = NO;
				GCC_NO_COMMON_BLOCKS = YES;
				GCC_OPTIMIZATION_LEVEL = 0;
				GCC_PREPROCESSOR_DEFINITIONS = (
					"DEBUG=1",
					"$(inherited)",
				);
				GCC_SYMBOLS_PRIVATE_EXTERN = NO;
				GCC_WARN_64_TO_32_BIT_CONVERSION = YES;
				GCC_WARN_ABOUT_RETURN_TYPE = YES_ERROR;
				GCC_WARN_UNDECLARED_SELECTOR = YES;
				GCC_WARN_UNINITIALIZED_AUTOS = YES_AGGRESSIVE;
				GCC_WARN_UNUSED_FUNCTION = YES;
				GCC_WARN_UNUSED_VARIABLE = YES;
				IPHONEOS_DEPLOYMENT_TARGET = 8.4;
				MTL_ENABLE_DEBUG_INFO = YES;
				ONLY_ACTIVE_ARCH = YES;
				SDKROOT = iphoneos;
				TARGETED_DEVICE_FAMILY = "1,2";
			};
			name = Debug;
		};
		4306C18D1BD1D521009F3DB4 /* Release */ = {
			isa = XCBuildConfiguration;
			buildSettings = {
				ALWAYS_SEARCH_USER_PATHS = NO;
				CLANG_CXX_LANGUAGE_STANDARD = "gnu++0x";
				CLANG_CXX_LIBRARY = "libc++";
				CLANG_ENABLE_MODULES = YES;
				CLANG_ENABLE_OBJC_ARC = YES;
				CLANG_WARN_BOOL_CONVERSION = YES;
				CLANG_WARN_CONSTANT_CONVERSION = YES;
				CLANG_WARN_DIRECT_OBJC_ISA_USAGE = YES_ERROR;
				CLANG_WARN_EMPTY_BODY = YES;
				CLANG_WARN_ENUM_CONVERSION = YES;
				CLANG_WARN_INT_CONVERSION = YES;
				CLANG_WARN_OBJC_ROOT_CLASS = YES_ERROR;
				CLANG_WARN_UNREACHABLE_CODE = YES;
				CLANG_WARN__DUPLICATE_METHOD_MATCH = YES;
				"CODE_SIGN_IDENTITY[sdk=iphoneos*]" = "iPhone Developer";
				COPY_PHASE_STRIP = NO;
				DEBUG_INFORMATION_FORMAT = "dwarf-with-dsym";
				ENABLE_NS_ASSERTIONS = NO;
				ENABLE_STRICT_OBJC_MSGSEND = YES;
				GCC_C_LANGUAGE_STANDARD = gnu99;
				GCC_NO_COMMON_BLOCKS = YES;
				GCC_WARN_64_TO_32_BIT_CONVERSION = YES;
				GCC_WARN_ABOUT_RETURN_TYPE = YES_ERROR;
				GCC_WARN_UNDECLARED_SELECTOR = YES;
				GCC_WARN_UNINITIALIZED_AUTOS = YES_AGGRESSIVE;
				GCC_WARN_UNUSED_FUNCTION = YES;
				GCC_WARN_UNUSED_VARIABLE = YES;
				IPHONEOS_DEPLOYMENT_TARGET = 8.4;
				MTL_ENABLE_DEBUG_INFO = NO;
				SDKROOT = iphoneos;
				TARGETED_DEVICE_FAMILY = "1,2";
				VALIDATE_PRODUCT = YES;
			};
			name = Release;
		};
		4306C18F1BD1D521009F3DB4 /* Debug */ = {
			isa = XCBuildConfiguration;
			buildSettings = {
				ASSETCATALOG_COMPILER_APPICON_NAME = AppIcon;
				INFOPLIST_FILE = TestDemo/Info.plist;
				LD_RUNPATH_SEARCH_PATHS = "$(inherited) @executable_path/Frameworks";
				PRODUCT_NAME = "$(TARGET_NAME)";
			};
			name = Debug;
		};
		4306C1901BD1D521009F3DB4 /* Release */ = {
			isa = XCBuildConfiguration;
			buildSettings = {
				ASSETCATALOG_COMPILER_APPICON_NAME = AppIcon;
				INFOPLIST_FILE = TestDemo/Info.plist;
				LD_RUNPATH_SEARCH_PATHS = "$(inherited) @executable_path/Frameworks";
				PRODUCT_NAME = "$(TARGET_NAME)";
			};
			name = Release;
		};
		4306C1921BD1D521009F3DB4 /* Debug */ = {
			isa = XCBuildConfiguration;
			buildSettings = {
				BUNDLE_LOADER = "$(TEST_HOST)";
				FRAMEWORK_SEARCH_PATHS = (
					"$(SDKROOT)/Developer/Library/Frameworks",
					"$(inherited)",
				);
				GCC_PREPROCESSOR_DEFINITIONS = (
					"DEBUG=1",
					"$(inherited)",
				);
				INFOPLIST_FILE = TestDemoTests/Info.plist;
				LD_RUNPATH_SEARCH_PATHS = "$(inherited) @executable_path/Frameworks @loader_path/Frameworks";
				PRODUCT_NAME = "$(TARGET_NAME)";
				TEST_HOST = "$(BUILT_PRODUCTS_DIR)/TestDemo.app/TestDemo";
			};
			name = Debug;
		};
		4306C1931BD1D521009F3DB4 /* Release */ = {
			isa = XCBuildConfiguration;
			buildSettings = {
				BUNDLE_LOADER = "$(TEST_HOST)";
				FRAMEWORK_SEARCH_PATHS = (
					"$(SDKROOT)/Developer/Library/Frameworks",
					"$(inherited)",
				);
				INFOPLIST_FILE = TestDemoTests/Info.plist;
				LD_RUNPATH_SEARCH_PATHS = "$(inherited) @executable_path/Frameworks @loader_path/Frameworks";
				PRODUCT_NAME = "$(TARGET_NAME)";
				TEST_HOST = "$(BUILT_PRODUCTS_DIR)/TestDemo.app/TestDemo";
			};
			name = Release;
		};
/* End XCBuildConfiguration section */

/* Begin XCConfigurationList section */
		4306C1661BD1D521009F3DB4 /* Build configuration list for PBXProject "TestDemo" */ = {
			isa = XCConfigurationList;
			buildConfigurations = (
				4306C18C1BD1D521009F3DB4 /* Debug */,
				4306C18D1BD1D521009F3DB4 /* Release */,
			);
			defaultConfigurationIsVisible = 0;
			defaultConfigurationName = Release;
		};
		4306C18E1BD1D521009F3DB4 /* Build configuration list for PBXNativeTarget "TestDemo" */ = {
			isa = XCConfigurationList;
			buildConfigurations = (
				4306C18F1BD1D521009F3DB4 /* Debug */,
				4306C1901BD1D521009F3DB4 /* Release */,
			);
			defaultConfigurationIsVisible = 0;
		};
		4306C1911BD1D521009F3DB4 /* Build configuration list for PBXNativeTarget "TestDemoTests" */ = {
			isa = XCConfigurationList;
			buildConfigurations = (
				4306C1921BD1D521009F3DB4 /* Debug */,
				4306C1931BD1D521009F3DB4 /* Release */,
			);
			defaultConfigurationIsVisible = 0;
		};
/* End XCConfigurationList section */
	};
	rootObject = 4306C1631BD1D521009F3DB4 /* Project object */;
}
